<Solution>
  <Folder Name="/samples/">
    <Project Path="samples/LatencyComparison/LatencyComparison.csproj" />
  </Folder>
  <Folder Name="/src/">
    <Project Path="src/Invicta.Time/Invicta.Time.csproj" />
  </Folder>
  <Folder Name="/tests/">
    <Project Path="tests/Invicta.Time.Tests/Invicta.Time.Tests.csproj" />
  </Folder>
</Solution>
